
Microsoft Visual Studio Solution File, Format Version 12.00
# Visual Studio 15
VisualStudioVersion = 15.0.27703.2042
MinimumVisualStudioVersion = 10.0.40219.1
Project("{FAE04EC0-301F-11D3-BF4B-00C04F79EFBC}") = "Market.Core", "Market.Core\Market.Core.csproj", "{10854CD5-FA39-41FF-B435-76AE15F2388A}"
EndProject
Project("{FAE04EC0-301F-11D3-BF4B-00C04F79EFBC}") = "Market.DataAccess", "Market.DataAccess\Market.DataAccess.csproj", "{647E519D-FFA5-4983-AB22-87B9E0BA9756}"
EndProject
Project("{FAE04EC0-301F-11D3-BF4B-00C04F79EFBC}") = "Market.Business", "Market.Business\Market.Business.csproj", "{B5D5AF68-7C69-4C23-B2A0-F6ED7C670B0F}"
EndProject
Project("{FAE04EC0-301F-11D3-BF4B-00C04F79EFBC}") = "Market.WebAPI", "Market.WebAPI\Market.WebAPI.csproj", "{656A4E77-C596-480A-A837-3612CE4E73DD}"
EndProject
Project("{FAE04EC0-301F-11D3-BF4B-00C04F79EFBC}") = "Market.UI", "Market.UI\Market.UI.csproj", "{A05B5E9B-0751-44F8-BB28-A4EF4ECF53DC}"
EndProject
Global
	GlobalSection(SolutionConfigurationPlatforms) = preSolution
		Debug|Any CPU = Debug|Any CPU
		Release|Any CPU = Release|Any CPU
	EndGlobalSection
	GlobalSection(ProjectConfigurationPlatforms) = postSolution
		{10854CD5-FA39-41FF-B435-76AE15F2388A}.Debug|Any CPU.ActiveCfg = Debug|Any CPU
		{10854CD5-FA39-41FF-B435-76AE15F2388A}.Debug|Any CPU.Build.0 = Debug|Any CPU
		{10854CD5-FA39-41FF-B435-76AE15F2388A}.Release|Any CPU.ActiveCfg = Release|Any CPU
		{10854CD5-FA39-41FF-B435-76AE15F2388A}.Release|Any CPU.Build.0 = Release|Any CPU
		{647E519D-FFA5-4983-AB22-87B9E0BA9756}.Debug|Any CPU.ActiveCfg = Debug|Any CPU
		{647E519D-FFA5-4983-AB22-87B9E0BA9756}.Debug|Any CPU.Build.0 = Debug|Any CPU
		{647E519D-FFA5-4983-AB22-87B9E0BA9756}.Release|Any CPU.ActiveCfg = Release|Any CPU
		{647E519D-FFA5-4983-AB22-87B9E0BA9756}.Release|Any CPU.Build.0 = Release|Any CPU
		{B5D5AF68-7C69-4C23-B2A0-F6ED7C670B0F}.Debug|Any CPU.ActiveCfg = Debug|Any CPU
		{B5D5AF68-7C69-4C23-B2A0-F6ED7C670B0F}.Debug|Any CPU.Build.0 = Debug|Any CPU
		{B5D5AF68-7C69-4C23-B2A0-F6ED7C670B0F}.Release|Any CPU.ActiveCfg = Release|Any CPU
		{B5D5AF68-7C69-4C23-B2A0-F6ED7C670B0F}.Release|Any CPU.Build.0 = Release|Any CPU
		{656A4E77-C596-480A-A837-3612CE4E73DD}.Debug|Any CPU.ActiveCfg = Debug|Any CPU
		{656A4E77-C596-480A-A837-3612CE4E73DD}.Debug|Any CPU.Build.0 = Debug|Any CPU
		{656A4E77-C596-480A-A837-3612CE4E73DD}.Release|Any CPU.ActiveCfg = Release|Any CPU
		{656A4E77-C596-480A-A837-3612CE4E73DD}.Release|Any CPU.Build.0 = Release|Any CPU
		{A05B5E9B-0751-44F8-BB28-A4EF4ECF53DC}.Debug|Any CPU.ActiveCfg = Debug|Any CPU
		{A05B5E9B-0751-44F8-BB28-A4EF4ECF53DC}.Debug|Any CPU.Build.0 = Debug|Any CPU
		{A05B5E9B-0751-44F8-BB28-A4EF4ECF53DC}.Release|Any CPU.ActiveCfg = Release|Any CPU
		{A05B5E9B-0751-44F8-BB28-A4EF4ECF53DC}.Release|Any CPU.Build.0 = Release|Any CPU
	EndGlobalSection
	GlobalSection(SolutionProperties) = preSolution
		HideSolutionNode = FALSE
	EndGlobalSection
	GlobalSection(ExtensibilityGlobals) = postSolution
		SolutionGuid = {606796E0-8AC7-4EF5-BD93-378DF21E41DD}
	EndGlobalSection
EndGlobal
